
Microsoft Visual Studio Solution File, Format Version 12.00
# Visual Studio 14
VisualStudioVersion = 14.0.24720.0
MinimumVisualStudioVersion = 10.0.40219.1
Project("{FAE04EC0-301F-11D3-BF4B-00C04F79EFBC}") = "AlternatingCaseKata", "AlternatingCaseKata\AlternatingCaseKata.csproj", "{4C084DEB-AD4A-4E7E-A234-8398340517DC}"
EndProject
Project("{FAE04EC0-301F-11D3-BF4B-00C04F79EFBC}") = "CodeWars", "CodeWars\CodeWars.csproj", "{59FD75B4-02EC-42B2-B9EB-AE3DF02F23F4}"
EndProject
Project("{FAE04EC0-301F-11D3-BF4B-00C04F79EFBC}") = "TennisKata", "TennisKata\TennisKata.csproj", "{C4177EC4-365D-4698-8BD6-861E1A586E68}"
EndProject
Global
	GlobalSection(SolutionConfigurationPlatforms) = preSolution
		Debug|Any CPU = Debug|Any CPU
		Release|Any CPU = Release|Any CPU
	EndGlobalSection
	GlobalSection(ProjectConfigurationPlatforms) = postSolution
		{4C084DEB-AD4A-4E7E-A234-8398340517DC}.Debug|Any CPU.ActiveCfg = Debug|Any CPU
		{4C084DEB-AD4A-4E7E-A234-8398340517DC}.Debug|Any CPU.Build.0 = Debug|Any CPU
		{4C084DEB-AD4A-4E7E-A234-8398340517DC}.Release|Any CPU.ActiveCfg = Release|Any CPU
		{4C084DEB-AD4A-4E7E-A234-8398340517DC}.Release|Any CPU.Build.0 = Release|Any CPU
		{59FD75B4-02EC-42B2-B9EB-AE3DF02F23F4}.Debug|Any CPU.ActiveCfg = Debug|Any CPU
		{59FD75B4-02EC-42B2-B9EB-AE3DF02F23F4}.Debug|Any CPU.Build.0 = Debug|Any CPU
		{59FD75B4-02EC-42B2-B9EB-AE3DF02F23F4}.Release|Any CPU.ActiveCfg = Release|Any CPU
		{59FD75B4-02EC-42B2-B9EB-AE3DF02F23F4}.Release|Any CPU.Build.0 = Release|Any CPU
		{C4177EC4-365D-4698-8BD6-861E1A586E68}.Debug|Any CPU.ActiveCfg = Debug|Any CPU
		{C4177EC4-365D-4698-8BD6-861E1A586E68}.Debug|Any CPU.Build.0 = Debug|Any CPU
		{C4177EC4-365D-4698-8BD6-861E1A586E68}.Release|Any CPU.ActiveCfg = Release|Any CPU
		{C4177EC4-365D-4698-8BD6-861E1A586E68}.Release|Any CPU.Build.0 = Release|Any CPU
	EndGlobalSection
	GlobalSection(SolutionProperties) = preSolution
		HideSolutionNode = FALSE
	EndGlobalSection
EndGlobal
